PODS:
  - Sentry (4.0.0):
    - Sentry/Core (= 4.0.0)
  - Sentry/Core (4.0.0)

DEPENDENCIES:
  - Sentry (from `https://github.com/getsentry/sentry-cocoa.git`, tag `4.0.0`)

EXTERNAL SOURCES:
  Sentry:
    :git: https://github.com/getsentry/sentry-cocoa.git
    :tag: 4.0.0

CHECKOUT OPTIONS:
  Sentry:
    :git: https://github.com/getsentry/sentry-cocoa.git
    :tag: 4.0.0

SPEC CHECKSUMS:
  Sentry: 5609f0b9a4e47cb1ebdbe30d1066bfd7e798982b

PODFILE CHECKSUM: 51e4e1c4ffa898973e0ea3188b5bf7480e8a49a1

COCOAPODS: 1.5.3
