// !$*UTF8*$!
{
	archiveVersion = 1;
	classes = {
	};
	objectVersion = 50;
	objects = {

/* Begin PBXBuildFile section */
		77D4A28F20E1103E00A7A138 /* AppDelegate.swift in Sources */ = {isa = PBXBuildFile; fileRef = 77D4A28E20E1103E00A7A138 /* AppDelegate.swift */; };
		77D4A29120E1103E00A7A138 /* ViewController.swift in Sources */ = {isa = PBXBuildFile; fileRef = 77D4A29020E1103E00A7A138 /* ViewController.swift */; };
		77D4A29420E1103E00A7A138 /* Main.storyboard in Resources */ = {isa = PBXBuildFile; fileRef = 77D4A29220E1103E00A7A138 /* Main.storyboard */; };
		77D4A29620E1103F00A7A138 /* Assets.xcassets in Resources */ = {isa = PBXBuildFile; fileRef = 77D4A29520E1103F00A7A138 /* Assets.xcassets */; };
		77D4A29920E1103F00A7A138 /* LaunchScreen.storyboard in Resources */ = {isa = PBXBuildFile; fileRef = 77D4A29720E1103F00A7A138 /* LaunchScreen.storyboard */; };
		A39AE8D1822CD114392A3DC6 /* libPods-importStaticSentry.a in Frameworks */ = {isa = PBXBuildFile; fileRef = FE39DE7328DD1023A1F5C050 /* libPods-importStaticSentry.a */; };
/* End PBXBuildFile section */

/* Begin PBXFileReference section */
		09B2042D45FB8984193D5B26 /* Pods-importStaticSentry.release.xcconfig */ = {isa = PBXFileReference; includeInIndex = 1; lastKnownFileType = text.xcconfig; name = "Pods-importStaticSentry.release.xcconfig"; path = "Pods/Target Support Files/Pods-importStaticSentry/Pods-importStaticSentry.release.xcconfig"; sourceTree = "<group>"; };
		263C902D3659FD3C32013519 /* Pods-importStaticSentry.debug.xcconfig */ = {isa = PBXFileReference; includeInIndex = 1; lastKnownFileType = text.xcconfig; name = "Pods-importStaticSentry.debug.xcconfig"; path = "Pods/Target Support Files/Pods-importStaticSentry/Pods-importStaticSentry.debug.xcconfig"; sourceTree = "<group>"; };
		77D4A28B20E1103E00A7A138 /* importStaticSentry.app */ = {isa = PBXFileReference; explicitFileType = wrapper.application; includeInIndex = 0; path = importStaticSentry.app; sourceTree = BUILT_PRODUCTS_DIR; };
		77D4A28E20E1103E00A7A138 /* AppDelegate.swift */ = {isa = PBXFileReference; lastKnownFileType = sourcecode.swift; path = AppDelegate.swift; sourceTree = "<group>"; };
		77D4A29020E1103E00A7A138 /* ViewController.swift */ = {isa = PBXFileReference; lastKnownFileType = sourcecode.swift; path = ViewController.swift; sourceTree = "<group>"; };
		77D4A29320E1103E00A7A138 /* Base */ = {isa = PBXFileReference; lastKnownFileType = file.storyboard; name = Base; path = Base.lproj/Main.storyboard; sourceTree = "<group>"; };
		77D4A29520E1103F00A7A138 /* Assets.xcassets */ = {isa = PBXFileReference; lastKnownFileType = folder.assetcatalog; path = Assets.xcassets; sourceTree = "<group>"; };
		77D4A29820E1103F00A7A138 /* Base */ = {isa = PBXFileReference; lastKnownFileType = file.storyboard; name = Base; path = Base.lproj/LaunchScreen.storyboard; sourceTree = "<group>"; };
		77D4A29A20E1103F00A7A138 /* Info.plist */ = {isa = PBXFileReference; lastKnownFileType = text.plist.xml; path = Info.plist; sourceTree = "<group>"; };
		FE39DE7328DD1023A1F5C050 /* libPods-importStaticSentry.a */ = {isa = PBXFileReference; explicitFileType = archive.ar; includeInIndex = 0; path = "libPods-importStaticSentry.a"; sourceTree = BUILT_PRODUCTS_DIR; };
/* End PBXFileReference section */

/* Begin PBXFrameworksBuildPhase section */
		77D4A28820E1103E00A7A138 /* Frameworks */ = {
			isa = PBXFrameworksBuildPhase;
			buildActionMask = 2147483647;
			files = (
				A39AE8D1822CD114392A3DC6 /* libPods-importStaticSentry.a in Frameworks */,
			);
			runOnlyForDeploymentPostprocessing = 0;
		};
/* End PBXFrameworksBuildPhase section */

/* Begin PBXGroup section */
		2E33649E37E749C82CD40B80 /* Pods */ = {
			isa = PBXGroup;
			children = (
				263C902D3659FD3C32013519 /* Pods-importStaticSentry.debug.xcconfig */,
				09B2042D45FB8984193D5B26 /* Pods-importStaticSentry.release.xcconfig */,
			);
			name = Pods;
			sourceTree = "<group>";
		};
		77D4A28220E1103E00A7A138 = {
			isa = PBXGroup;
			children = (
				77D4A28D20E1103E00A7A138 /* importStaticSentry */,
				77D4A28C20E1103E00A7A138 /* Products */,
				2E33649E37E749C82CD40B80 /* Pods */,
				BD74D0D2B0F0D87F40A45678 /* Frameworks */,
			);
			sourceTree = "<group>";
		};
		77D4A28C20E1103E00A7A138 /* Products */ = {
			isa = PBXGroup;
			children = (
				77D4A28B20E1103E00A7A138 /* importStaticSentry.app */,
			);
			name = Products;
			sourceTree = "<group>";
		};
		77D4A28D20E1103E00A7A138 /* importStaticSentry */ = {
			isa = PBXGroup;
			children = (
				77D4A28E20E1103E00A7A138 /* AppDelegate.swift */,
				77D4A29020E1103E00A7A138 /* ViewController.swift */,
				77D4A29220E1103E00A7A138 /* Main.storyboard */,
				77D4A29520E1103F00A7A138 /* Assets.xcassets */,
				77D4A29720E1103F00A7A138 /* LaunchScreen.storyboard */,
				77D4A29A20E1103F00A7A138 /* Info.plist */,
			);
			path = importStaticSentry;
			sourceTree = "<group>";
		};
		BD74D0D2B0F0D87F40A45678 /* Frameworks */ = {
			isa = PBXGroup;
			children = (
				FE39DE7328DD1023A1F5C050 /* libPods-importStaticSentry.a */,
			);
			name = Frameworks;
			sourceTree = "<group>";
		};
/* End PBXGroup section */

/* Begin PBXNativeTarget section */
		77D4A28A20E1103E00A7A138 /* importStaticSentry */ = {
			isa = PBXNativeTarget;
			buildConfigurationList = 77D4A29D20E1103F00A7A138 /* Build configuration list for PBXNativeTarget "importStaticSentry" */;
			buildPhases = (
				6CA0C30599D66F54C3D157AC /* [CP] Check Pods Manifest.lock */,
				77D4A28720E1103E00A7A138 /* Sources */,
				77D4A28820E1103E00A7A138 /* Frameworks */,
				77D4A28920E1103E00A7A138 /* Resources */,
			);
			buildRules = (
			);
			dependencies = (
			);
			name = importStaticSentry;
			productName = importStaticSentry;
			productReference = 77D4A28B20E1103E00A7A138 /* importStaticSentry.app */;
			productType = "com.apple.product-type.application";
		};
/* End PBXNativeTarget section */

/* Begin PBXProject section */
		77D4A28320E1103E00A7A138 /* Project object */ = {
			isa = PBXProject;
			attributes = {
				LastSwiftUpdateCheck = 0940;
				LastUpgradeCheck = 0940;
				ORGANIZATIONNAME = Marius;
				TargetAttributes = {
					77D4A28A20E1103E00A7A138 = {
						CreatedOnToolsVersion = 9.4.1;
					};
				};
			};
			buildConfigurationList = 77D4A28620E1103E00A7A138 /* Build configuration list for PBXProject "importStaticSentry" */;
			compatibilityVersion = "Xcode 9.3";
			developmentRegion = en;
			hasScannedForEncodings = 0;
			knownRegions = (
				en,
				Base,
			);
			mainGroup = 77D4A28220E1103E00A7A138;
			productRefGroup = 77D4A28C20E1103E00A7A138 /* Products */;
			projectDirPath = "";
			projectRoot = "";
			targets = (
				77D4A28A20E1103E00A7A138 /* importStaticSentry */,
			);
		};
/* End PBXProject section */

/* Begin PBXResourcesBuildPhase section */
		77D4A28920E1103E00A7A138 /* Resources */ = {
			isa = PBXResourcesBuildPhase;
			buildActionMask = 2147483647;
			files = (
				77D4A29920E1103F00A7A138 /* LaunchScreen.storyboard in Resources */,
				77D4A29620E1103F00A7A138 /* Assets.xcassets in Resources */,
				77D4A29420E1103E00A7A138 /* Main.storyboard in Resources */,
			);
			runOnlyForDeploymentPostprocessing = 0;
		};
/* End PBXResourcesBuildPhase section */

/* Begin PBXShellScriptBuildPhase section */
		6CA0C30599D66F54C3D157AC /* [CP] Check Pods Manifest.lock */ = {
			isa = PBXShellScriptBuildPhase;
			buildActionMask = 2147483647;
			files = (
			);
			inputPaths = (
				"${PODS_PODFILE_DIR_PATH}/Podfile.lock",
				"${PODS_ROOT}/Manifest.lock",
			);
			name = "[CP] Check Pods Manifest.lock";
			outputPaths = (
				"$(DERIVED_FILE_DIR)/Pods-importStaticSentry-checkManifestLockResult.txt",
			);
			runOnlyForDeploymentPostprocessing = 0;
			shellPath = /bin/sh;
			shellScript = "diff \"${PODS_PODFILE_DIR_PATH}/Podfile.lock\" \"${PODS_ROOT}/Manifest.lock\" > /dev/null\nif [ $? != 0 ] ; then\n    # print error to STDERR\n    echo \"error: The sandbox is not in sync with the Podfile.lock. Run 'pod install' or update your CocoaPods installation.\" >&2\n    exit 1\nfi\n# This output is used by Xcode 'outputs' to avoid re-running this script phase.\necho \"SUCCESS\" > \"${SCRIPT_OUTPUT_FILE_0}\"\n";
			showEnvVarsInLog = 0;
		};
/* End PBXShellScriptBuildPhase section */

/* Begin PBXSourcesBuildPhase section */
		77D4A28720E1103E00A7A138 /* Sources */ = {
			isa = PBXSourcesBuildPhase;
			buildActionMask = 2147483647;
			files = (
				77D4A29120E1103E00A7A138 /* ViewController.swift in Sources */,
				77D4A28F20E1103E00A7A138 /* AppDelegate.swift in Sources */,
			);
			runOnlyForDeploymentPostprocessing = 0;
		};
/* End PBXSourcesBuildPhase section */

/* Begin PBXVariantGroup section */
		77D4A29220E1103E00A7A138 /* Main.storyboard */ = {
			isa = PBXVariantGroup;
			children = (
				77D4A29320E1103E00A7A138 /* Base */,
			);
			name = Main.storyboard;
			sourceTree = "<group>";
		};
		77D4A29720E1103F00A7A138 /* LaunchScreen.storyboard */ = {
			isa = PBXVariantGroup;
			children = (
				77D4A29820E1103F00A7A138 /* Base */,
			);
			name = LaunchScreen.storyboard;
			sourceTree = "<group>";
		};
/* End PBXVariantGroup section */

/* Begin XCBuildConfiguration section */
		77D4A29B20E1103F00A7A138 /* Debug */ = {
			isa = XCBuildConfiguration;
			buildSettings = {
				ALWAYS_SEARCH_USER_PATHS = NO;
				CLANG_ANALYZER_NONNULL = YES;
				CLANG_ANALYZER_NUMBER_OBJECT_CONVERSION = YES_AGGRESSIVE;
				CLANG_CXX_LANGUAGE_STANDARD = "gnu++14";
				CLANG_CXX_LIBRARY = "libc++";
				CLANG_ENABLE_MODULES = YES;
				CLANG_ENABLE_OBJC_ARC = YES;
				CLANG_ENABLE_OBJC_WEAK = YES;
				CLANG_WARN_BLOCK_CAPTURE_AUTORELEASING = YES;
				CLANG_WARN_BOOL_CONVERSION = YES;
				CLANG_WARN_COMMA = YES;
				CLANG_WARN_CONSTANT_CONVERSION = YES;
				CLANG_WARN_DEPRECATED_OBJC_IMPLEMENTATIONS = YES;
				CLANG_WARN_DIRECT_OBJC_ISA_USAGE = YES_ERROR;
				CLANG_WARN_DOCUMENTATION_COMMENTS = YES;
				CLANG_WARN_EMPTY_BODY = YES;
				CLANG_WARN_ENUM_CONVERSION = YES;
				CLANG_WARN_INFINITE_RECURSION = YES;
				CLANG_WARN_INT_CONVERSION = YES;
				CLANG_WARN_NON_LITERAL_NULL_CONVERSION = YES;
				CLANG_WARN_OBJC_IMPLICIT_RETAIN_SELF = YES;
				CLANG_WARN_OBJC_LITERAL_CONVERSION = YES;
				CLANG_WARN_OBJC_ROOT_CLASS = YES_ERROR;
				CLANG_WARN_RANGE_LOOP_ANALYSIS = YES;
				CLANG_WARN_STRICT_PROTOTYPES = YES;
				CLANG_WARN_SUSPICIOUS_MOVE = YES;
				CLANG_WARN_UNGUARDED_AVAILABILITY = YES_AGGRESSIVE;
				CLANG_WARN_UNREACHABLE_CODE = YES;
				CLANG_WARN__DUPLICATE_METHOD_MATCH = YES;
				CODE_SIGN_IDENTITY = "iPhone Developer";
				COPY_PHASE_STRIP = NO;
				DEBUG_INFORMATION_FORMAT = dwarf;
				ENABLE_STRICT_OBJC_MSGSEND = YES;
				ENABLE_TESTABILITY = YES;
				GCC_C_LANGUAGE_STANDARD = gnu11;
				GCC_DYNAMIC_NO_PIC = NO;
				GCC_NO_COMMON_BLOCKS = YES;
				GCC_OPTIMIZATION_LEVEL = 0;
				GCC_PREPROCESSOR_DEFINITIONS = (
					"DEBUG=1",
					"$(inherited)",
				);
				GCC_WARN_64_TO_32_BIT_CONVERSION = YES;
				GCC_WARN_ABOUT_RETURN_TYPE = YES_ERROR;
				GCC_WARN_UNDECLARED_SELECTOR = YES;
				GCC_WARN_UNINITIALIZED_AUTOS = YES_AGGRESSIVE;
				GCC_WARN_UNUSED_FUNCTION = YES;
				GCC_WARN_UNUSED_VARIABLE = YES;
				IPHONEOS_DEPLOYMENT_TARGET = 11.4;
				MTL_ENABLE_DEBUG_INFO = YES;
				ONLY_ACTIVE_ARCH = YES;
				SDKROOT = iphoneos;
				SWIFT_ACTIVE_COMPILATION_CONDITIONS = DEBUG;
				SWIFT_OPTIMIZATION_LEVEL = "-Onone";
			};
			name = Debug;
		};
		77D4A29C20E1103F00A7A138 /* Release */ = {
			isa = XCBuildConfiguration;
			buildSettings = {
				ALWAYS_SEARCH_USER_PATHS = NO;
				CLANG_ANALYZER_NONNULL = YES;
				CLANG_ANALYZER_NUMBER_OBJECT_CONVERSION = YES_AGGRESSIVE;
				CLANG_CXX_LANGUAGE_STANDARD = "gnu++14";
				CLANG_CXX_LIBRARY = "libc++";
				CLANG_ENABLE_MODULES = YES;
				CLANG_ENABLE_OBJC_ARC = YES;
				CLANG_ENABLE_OBJC_WEAK = YES;
				CLANG_WARN_BLOCK_CAPTURE_AUTORELEASING = YES;
				CLANG_WARN_BOOL_CONVERSION = YES;
				CLANG_WARN_COMMA = YES;
				CLANG_WARN_CONSTANT_CONVERSION = YES;
				CLANG_WARN_DEPRECATED_OBJC_IMPLEMENTATIONS = YES;
				CLANG_WARN_DIRECT_OBJC_ISA_USAGE = YES_ERROR;
				CLANG_WARN_DOCUMENTATION_COMMENTS = YES;
				CLANG_WARN_EMPTY_BODY = YES;
				CLANG_WARN_ENUM_CONVERSION = YES;
				CLANG_WARN_INFINITE_RECURSION = YES;
				CLANG_WARN_INT_CONVERSION = YES;
				CLANG_WARN_NON_LITERAL_NULL_CONVERSION = YES;
				CLANG_WARN_OBJC_IMPLICIT_RETAIN_SELF = YES;
				CLANG_WARN_OBJC_LITERAL_CONVERSION = YES;
				CLANG_WARN_OBJC_ROOT_CLASS = YES_ERROR;
				CLANG_WARN_RANGE_LOOP_ANALYSIS = YES;
				CLANG_WARN_STRICT_PROTOTYPES = YES;
				CLANG_WARN_SUSPICIOUS_MOVE = YES;
				CLANG_WARN_UNGUARDED_AVAILABILITY = YES_AGGRESSIVE;
				CLANG_WARN_UNREACHABLE_CODE = YES;
				CLANG_WARN__DUPLICATE_METHOD_MATCH = YES;
				CODE_SIGN_IDENTITY = "iPhone Developer";
				COPY_PHASE_STRIP = NO;
				DEBUG_INFORMATION_FORMAT = "dwarf-with-dsym";
				ENABLE_NS_ASSERTIONS = NO;
				ENABLE_STRICT_OBJC_MSGSEND = YES;
				GCC_C_LANGUAGE_STANDARD = gnu11;
				GCC_NO_COMMON_BLOCKS = YES;
				GCC_WARN_64_TO_32_BIT_CONVERSION = YES;
				GCC_WARN_ABOUT_RETURN_TYPE = YES_ERROR;
				GCC_WARN_UNDECLARED_SELECTOR = YES;
				GCC_WARN_UNINITIALIZED_AUTOS = YES_AGGRESSIVE;
				GCC_WARN_UNUSED_FUNCTION = YES;
				GCC_WARN_UNUSED_VARIABLE = YES;
				IPHONEOS_DEPLOYMENT_TARGET = 11.4;
				MTL_ENABLE_DEBUG_INFO = NO;
				SDKROOT = iphoneos;
				SWIFT_COMPILATION_MODE = wholemodule;
				SWIFT_OPTIMIZATION_LEVEL = "-O";
				VALIDATE_PRODUCT = YES;
			};
			name = Release;
		};
		77D4A29E20E1103F00A7A138 /* Debug */ = {
			isa = XCBuildConfiguration;
			baseConfigurationReference = 263C902D3659FD3C32013519 /* Pods-importStaticSentry.debug.xcconfig */;
			buildSettings = {
				ASSETCATALOG_COMPILER_APPICON_NAME = AppIcon;
				CODE_SIGN_STYLE = Automatic;
				DEVELOPMENT_TEAM = QCQLSRX8WX;
				INFOPLIST_FILE = importStaticSentry/Info.plist;
				LD_RUNPATH_SEARCH_PATHS = (
					"$(inherited)",
					"@executable_path/Frameworks",
				);
				PRODUCT_BUNDLE_IDENTIFIER = mobi.marius.importStaticSentry;
				PRODUCT_NAME = "$(TARGET_NAME)";
				SWIFT_VERSION = 4.0;
				TARGETED_DEVICE_FAMILY = "1,2";
			};
			name = Debug;
		};
		77D4A29F20E1103F00A7A138 /* Release */ = {
			isa = XCBuildConfiguration;
			baseConfigurationReference = 09B2042D45FB8984193D5B26 /* Pods-importStaticSentry.release.xcconfig */;
			buildSettings = {
				ASSETCATALOG_COMPILER_APPICON_NAME = AppIcon;
				CODE_SIGN_STYLE = Automatic;
				DEVELOPMENT_TEAM = QCQLSRX8WX;
				INFOPLIST_FILE = importStaticSentry/Info.plist;
				LD_RUNPATH_SEARCH_PATHS = (
					"$(inherited)",
					"@executable_path/Frameworks",
				);
				PRODUCT_BUNDLE_IDENTIFIER = mobi.marius.importStaticSentry;
				PRODUCT_NAME = "$(TARGET_NAME)";
				SWIFT_VERSION = 4.0;
				TARGETED_DEVICE_FAMILY = "1,2";
			};
			name = Release;
		};
/* End XCBuildConfiguration section */

/* Begin XCConfigurationList section */
		77D4A28620E1103E00A7A138 /* Build configuration list for PBXProject "importStaticSentry" */ = {
			isa = XCConfigurationList;
			buildConfigurations = (
				77D4A29B20E1103F00A7A138 /* Debug */,
				77D4A29C20E1103F00A7A138 /* Release */,
			);
			defaultConfigurationIsVisible = 0;
			defaultConfigurationName = Release;
		};
		77D4A29D20E1103F00A7A138 /* Build configuration list for PBXNativeTarget "importStaticSentry" */ = {
			isa = XCConfigurationList;
			buildConfigurations = (
				77D4A29E20E1103F00A7A138 /* Debug */,
				77D4A29F20E1103F00A7A138 /* Release */,
			);
			defaultConfigurationIsVisible = 0;
			defaultConfigurationName = Release;
		};
/* End XCConfigurationList section */
	};
	rootObject = 77D4A28320E1103E00A7A138 /* Project object */;
}
